
Microsoft Visual Studio Solution File, Format Version 12.00
# Visual Studio Version 16
VisualStudioVersion = 16.0.31410.357
MinimumVisualStudioVersion = 10.0.40219.1
Project("{FAE04EC0-301F-11D3-BF4B-00C04F79EFBC}") = "WeightedRoundRobin", "WeightedRoundRobin\WeightedRoundRobin.csproj", "{A8F402CC-9D48-440C-B2F1-A78E9EF1A9AD}"
EndProject
Global
	GlobalSection(SolutionConfigurationPlatforms) = preSolution
		Debug|Any CPU = Debug|Any CPU
		Release|Any CPU = Release|Any CPU
	EndGlobalSection
	GlobalSection(ProjectConfigurationPlatforms) = postSolution
		{A8F402CC-9D48-440C-B2F1-A78E9EF1A9AD}.Debug|Any CPU.ActiveCfg = Debug|Any CPU
		{A8F402CC-9D48-440C-B2F1-A78E9EF1A9AD}.Debug|Any CPU.Build.0 = Debug|Any CPU
		{A8F402CC-9D48-440C-B2F1-A78E9EF1A9AD}.Release|Any CPU.ActiveCfg = Release|Any CPU
		{A8F402CC-9D48-440C-B2F1-A78E9EF1A9AD}.Release|Any CPU.Build.0 = Release|Any CPU
	EndGlobalSection
	GlobalSection(SolutionProperties) = preSolution
		HideSolutionNode = FALSE
	EndGlobalSection
	GlobalSection(ExtensibilityGlobals) = postSolution
		SolutionGuid = {C478167F-F517-48E2-AE81-61164348045C}
	EndGlobalSection
EndGlobal
